// !$*UTF8*$!
{
	archiveVersion = 1;
	classes = {
	};
	objectVersion = 55;
	objects = {

/* Begin PBXBuildFile section */
		9E7D1AE127B0B0AC00EFFDAA /* AppDelegate.swift in Sources */ = {isa = PBXBuildFile; fileRef = 9E7D1AE027B0B0AC00EFFDAA /* AppDelegate.swift */; };
		9E7D1AE327B0B0AC00EFFDAA /* SceneDelegate.swift in Sources */ = {isa = PBXBuildFile; fileRef = 9E7D1AE227B0B0AC00EFFDAA /* SceneDelegate.swift */; };
		9E7D1AE527B0B0AC00EFFDAA /* ViewController.swift in Sources */ = {isa = PBXBuildFile; fileRef = 9E7D1AE427B0B0AC00EFFDAA /* ViewController.swift */; };
		9E7D1AE827B0B0AC00EFFDAA /* Main.storyboard in Resources */ = {isa = PBXBuildFile; fileRef = 9E7D1AE627B0B0AC00EFFDAA /* Main.storyboard */; };
		9E7D1AEA27B0B0B000EFFDAA /* Assets.xcassets in Resources */ = {isa = PBXBuildFile; fileRef = 9E7D1AE927B0B0B000EFFDAA /* Assets.xcassets */; };
		9E7D1AED27B0B0B000EFFDAA /* LaunchScreen.storyboard in Resources */ = {isa = PBXBuildFile; fileRef = 9E7D1AEB27B0B0B000EFFDAA /* LaunchScreen.storyboard */; };
		9E7D1AF827B0B0B100EFFDAA /* PreworkTests.swift in Sources */ = {isa = PBXBuildFile; fileRef = 9E7D1AF727B0B0B100EFFDAA /* PreworkTests.swift */; };
		9E7D1B0227B0B0B100EFFDAA /* PreworkUITests.swift in Sources */ = {isa = PBXBuildFile; fileRef = 9E7D1B0127B0B0B100EFFDAA /* PreworkUITests.swift */; };
		9E7D1B0427B0B0B100EFFDAA /* PreworkUITestsLaunchTests.swift in Sources */ = {isa = PBXBuildFile; fileRef = 9E7D1B0327B0B0B100EFFDAA /* PreworkUITestsLaunchTests.swift */; };
/* End PBXBuildFile section */

/* Begin PBXContainerItemProxy section */
		9E7D1AF427B0B0B100EFFDAA /* PBXContainerItemProxy */ = {
			isa = PBXContainerItemProxy;
			containerPortal = 9E7D1AD527B0B0AC00EFFDAA /* Project object */;
			proxyType = 1;
			remoteGlobalIDString = 9E7D1ADC27B0B0AC00EFFDAA;
			remoteInfo = Prework;
		};
		9E7D1AFE27B0B0B100EFFDAA /* PBXContainerItemProxy */ = {
			isa = PBXContainerItemProxy;
			containerPortal = 9E7D1AD527B0B0AC00EFFDAA /* Project object */;
			proxyType = 1;
			remoteGlobalIDString = 9E7D1ADC27B0B0AC00EFFDAA;
			remoteInfo = Prework;
		};
/* End PBXContainerItemProxy section */

/* Begin PBXFileReference section */
		9E7D1ADD27B0B0AC00EFFDAA /* Prework.app */ = {isa = PBXFileReference; explicitFileType = wrapper.application; includeInIndex = 0; path = Prework.app; sourceTree = BUILT_PRODUCTS_DIR; };
		9E7D1AE027B0B0AC00EFFDAA /* AppDelegate.swift */ = {isa = PBXFileReference; lastKnownFileType = sourcecode.swift; path = AppDelegate.swift; sourceTree = "<group>"; };
		9E7D1AE227B0B0AC00EFFDAA /* SceneDelegate.swift */ = {isa = PBXFileReference; lastKnownFileType = sourcecode.swift; path = SceneDelegate.swift; sourceTree = "<group>"; };
		9E7D1AE427B0B0AC00EFFDAA /* ViewController.swift */ = {isa = PBXFileReference; lastKnownFileType = sourcecode.swift; path = ViewController.swift; sourceTree = "<group>"; };
		9E7D1AE727B0B0AC00EFFDAA /* Base */ = {isa = PBXFileReference; lastKnownFileType = file.storyboard; name = Base; path = Base.lproj/Main.storyboard; sourceTree = "<group>"; };
		9E7D1AE927B0B0B000EFFDAA /* Assets.xcassets */ = {isa = PBXFileReference; lastKnownFileType = folder.assetcatalog; path = Assets.xcassets; sourceTree = "<group>"; };
		9E7D1AEC27B0B0B000EFFDAA /* Base */ = {isa = PBXFileReference; lastKnownFileType = file.storyboard; name = Base; path = Base.lproj/LaunchScreen.storyboard; sourceTree = "<group>"; };
		9E7D1AEE27B0B0B000EFFDAA /* Info.plist */ = {isa = PBXFileReference; lastKnownFileType = text.plist.xml; path = Info.plist; sourceTree = "<group>"; };
		9E7D1AF327B0B0B100EFFDAA /* PreworkTests.xctest */ = {isa = PBXFileReference; explicitFileType = wrapper.cfbundle; includeInIndex = 0; path = PreworkTests.xctest; sourceTree = BUILT_PRODUCTS_DIR; };
		9E7D1AF727B0B0B100EFFDAA /* PreworkTests.swift */ = {isa = PBXFileReference; lastKnownFileType = sourcecode.swift; path = PreworkTests.swift; sourceTree = "<group>"; };
		9E7D1AFD27B0B0B100EFFDAA /* PreworkUITests.xctest */ = {isa = PBXFileReference; explicitFileType = wrapper.cfbundle; includeInIndex = 0; path = PreworkUITests.xctest; sourceTree = BUILT_PRODUCTS_DIR; };
		9E7D1B0127B0B0B100EFFDAA /* PreworkUITests.swift */ = {isa = PBXFileReference; lastKnownFileType = sourcecode.swift; path = PreworkUITests.swift; sourceTree = "<group>"; };
		9E7D1B0327B0B0B100EFFDAA /* PreworkUITestsLaunchTests.swift */ = {isa = PBXFileReference; lastKnownFileType = sourcecode.swift; path = PreworkUITestsLaunchTests.swift; sourceTree = "<group>"; };
/* End PBXFileReference section */

/* Begin PBXFrameworksBuildPhase section */
		9E7D1ADA27B0B0AC00EFFDAA /* Frameworks */ = {
			isa = PBXFrameworksBuildPhase;
			buildActionMask = 2147483647;
			files = (
			);
			runOnlyForDeploymentPostprocessing = 0;
		};
		9E7D1AF027B0B0B100EFFDAA /* Frameworks */ = {
			isa = PBXFrameworksBuildPhase;
			buildActionMask = 2147483647;
			files = (
			);
			runOnlyForDeploymentPostprocessing = 0;
		};
		9E7D1AFA27B0B0B100EFFDAA /* Frameworks */ = {
			isa = PBXFrameworksBuildPhase;
			buildActionMask = 2147483647;
			files = (
			);
			runOnlyForDeploymentPostprocessing = 0;
		};
/* End PBXFrameworksBuildPhase section */

/* Begin PBXGroup section */
		9E7D1AD427B0B0AC00EFFDAA = {
			isa = PBXGroup;
			children = (
				9E7D1ADF27B0B0AC00EFFDAA /* Prework */,
				9E7D1AF627B0B0B100EFFDAA /* PreworkTests */,
				9E7D1B0027B0B0B100EFFDAA /* PreworkUITests */,
				9E7D1ADE27B0B0AC00EFFDAA /* Products */,
			);
			sourceTree = "<group>";
		};
		9E7D1ADE27B0B0AC00EFFDAA /* Products */ = {
			isa = PBXGroup;
			children = (
				9E7D1ADD27B0B0AC00EFFDAA /* Prework.app */,
				9E7D1AF327B0B0B100EFFDAA /* PreworkTests.xctest */,
				9E7D1AFD27B0B0B100EFFDAA /* PreworkUITests.xctest */,
			);
			name = Products;
			sourceTree = "<group>";
		};
		9E7D1ADF27B0B0AC00EFFDAA /* Prework */ = {
			isa = PBXGroup;
			children = (
				9E7D1AE027B0B0AC00EFFDAA /* AppDelegate.swift */,
				9E7D1AE227B0B0AC00EFFDAA /* SceneDelegate.swift */,
				9E7D1AE427B0B0AC00EFFDAA /* ViewController.swift */,
				9E7D1AE627B0B0AC00EFFDAA /* Main.storyboard */,
				9E7D1AE927B0B0B000EFFDAA /* Assets.xcassets */,
				9E7D1AEB27B0B0B000EFFDAA /* LaunchScreen.storyboard */,
				9E7D1AEE27B0B0B000EFFDAA /* Info.plist */,
			);
			path = Prework;
			sourceTree = "<group>";
		};
		9E7D1AF627B0B0B100EFFDAA /* PreworkTests */ = {
			isa = PBXGroup;
			children = (
				9E7D1AF727B0B0B100EFFDAA /* PreworkTests.swift */,
			);
			path = PreworkTests;
			sourceTree = "<group>";
		};
		9E7D1B0027B0B0B100EFFDAA /* PreworkUITests */ = {
			isa = PBXGroup;
			children = (
				9E7D1B0127B0B0B100EFFDAA /* PreworkUITests.swift */,
				9E7D1B0327B0B0B100EFFDAA /* PreworkUITestsLaunchTests.swift */,
			);
			path = PreworkUITests;
			sourceTree = "<group>";
		};
/* End PBXGroup section */

/* Begin PBXNativeTarget section */
		9E7D1ADC27B0B0AC00EFFDAA /* Prework */ = {
			isa = PBXNativeTarget;
			buildConfigurationList = 9E7D1B0727B0B0B100EFFDAA /* Build configuration list for PBXNativeTarget "Prework" */;
			buildPhases = (
				9E7D1AD927B0B0AC00EFFDAA /* Sources */,
				9E7D1ADA27B0B0AC00EFFDAA /* Frameworks */,
				9E7D1ADB27B0B0AC00EFFDAA /* Resources */,
			);
			buildRules = (
			);
			dependencies = (
			);
			name = Prework;
			productName = Prework;
			productReference = 9E7D1ADD27B0B0AC00EFFDAA /* Prework.app */;
			productType = "com.apple.product-type.application";
		};
		9E7D1AF227B0B0B100EFFDAA /* PreworkTests */ = {
			isa = PBXNativeTarget;
			buildConfigurationList = 9E7D1B0A27B0B0B100EFFDAA /* Build configuration list for PBXNativeTarget "PreworkTests" */;
			buildPhases = (
				9E7D1AEF27B0B0B100EFFDAA /* Sources */,
				9E7D1AF027B0B0B100EFFDAA /* Frameworks */,
				9E7D1AF127B0B0B100EFFDAA /* Resources */,
			);
			buildRules = (
			);
			dependencies = (
				9E7D1AF527B0B0B100EFFDAA /* PBXTargetDependency */,
			);
			name = PreworkTests;
			productName = PreworkTests;
			productReference = 9E7D1AF327B0B0B100EFFDAA /* PreworkTests.xctest */;
			productType = "com.apple.product-type.bundle.unit-test";
		};
		9E7D1AFC27B0B0B100EFFDAA /* PreworkUITests */ = {
			isa = PBXNativeTarget;
			buildConfigurationList = 9E7D1B0D27B0B0B100EFFDAA /* Build configuration list for PBXNativeTarget "PreworkUITests" */;
			buildPhases = (
				9E7D1AF927B0B0B100EFFDAA /* Sources */,
				9E7D1AFA27B0B0B100EFFDAA /* Frameworks */,
				9E7D1AFB27B0B0B100EFFDAA /* Resources */,
			);
			buildRules = (
			);
			dependencies = (
				9E7D1AFF27B0B0B100EFFDAA /* PBXTargetDependency */,
			);
			name = PreworkUITests;
			productName = PreworkUITests;
			productReference = 9E7D1AFD27B0B0B100EFFDAA /* PreworkUITests.xctest */;
			productType = "com.apple.product-type.bundle.ui-testing";
		};
/* End PBXNativeTarget section */

/* Begin PBXProject section */
		9E7D1AD527B0B0AC00EFFDAA /* Project object */ = {
			isa = PBXProject;
			attributes = {
				BuildIndependentTargetsInParallel = 1;
				LastSwiftUpdateCheck = 1320;
				LastUpgradeCheck = 1320;
				TargetAttributes = {
					9E7D1ADC27B0B0AC00EFFDAA = {
						CreatedOnToolsVersion = 13.2.1;
					};
					9E7D1AF227B0B0B100EFFDAA = {
						CreatedOnToolsVersion = 13.2.1;
						TestTargetID = 9E7D1ADC27B0B0AC00EFFDAA;
					};
					9E7D1AFC27B0B0B100EFFDAA = {
						CreatedOnToolsVersion = 13.2.1;
						TestTargetID = 9E7D1ADC27B0B0AC00EFFDAA;
					};
				};
			};
			buildConfigurationList = 9E7D1AD827B0B0AC00EFFDAA /* Build configuration list for PBXProject "Prework" */;
			compatibilityVersion = "Xcode 13.0";
			developmentRegion = en;
			hasScannedForEncodings = 0;
			knownRegions = (
				en,
				Base,
			);
			mainGroup = 9E7D1AD427B0B0AC00EFFDAA;
			productRefGroup = 9E7D1ADE27B0B0AC00EFFDAA /* Products */;
			projectDirPath = "";
			projectRoot = "";
			targets = (
				9E7D1ADC27B0B0AC00EFFDAA /* Prework */,
				9E7D1AF227B0B0B100EFFDAA /* PreworkTests */,
				9E7D1AFC27B0B0B100EFFDAA /* PreworkUITests */,
			);
		};
/* End PBXProject section */

/* Begin PBXResourcesBuildPhase section */
		9E7D1ADB27B0B0AC00EFFDAA /* Resources */ = {
			isa = PBXResourcesBuildPhase;
			buildActionMask = 2147483647;
			files = (
				9E7D1AED27B0B0B000EFFDAA /* LaunchScreen.storyboard in Resources */,
				9E7D1AEA27B0B0B000EFFDAA /* Assets.xcassets in Resources */,
				9E7D1AE827B0B0AC00EFFDAA /* Main.storyboard in Resources */,
			);
			runOnlyForDeploymentPostprocessing = 0;
		};
		9E7D1AF127B0B0B100EFFDAA /* Resources */ = {
			isa = PBXResourcesBuildPhase;
			buildActionMask = 2147483647;
			files = (
			);
			runOnlyForDeploymentPostprocessing = 0;
		};
		9E7D1AFB27B0B0B100EFFDAA /* Resources */ = {
			isa = PBXResourcesBuildPhase;
			buildActionMask = 2147483647;
			files = (
			);
			runOnlyForDeploymentPostprocessing = 0;
		};
/* End PBXResourcesBuildPhase section */

/* Begin PBXSourcesBuildPhase section */
		9E7D1AD927B0B0AC00EFFDAA /* Sources */ = {
			isa = PBXSourcesBuildPhase;
			buildActionMask = 2147483647;
			files = (
				9E7D1AE527B0B0AC00EFFDAA /* ViewController.swift in Sources */,
				9E7D1AE127B0B0AC00EFFDAA /* AppDelegate.swift in Sources */,
				9E7D1AE327B0B0AC00EFFDAA /* SceneDelegate.swift in Sources */,
			);
			runOnlyForDeploymentPostprocessing = 0;
		};
		9E7D1AEF27B0B0B100EFFDAA /* Sources */ = {
			isa = PBXSourcesBuildPhase;
			buildActionMask = 2147483647;
			files = (
				9E7D1AF827B0B0B100EFFDAA /* PreworkTests.swift in Sources */,
			);
			runOnlyForDeploymentPostprocessing = 0;
		};
		9E7D1AF927B0B0B100EFFDAA /* Sources */ = {
			isa = PBXSourcesBuildPhase;
			buildActionMask = 2147483647;
			files = (
				9E7D1B0227B0B0B100EFFDAA /* PreworkUITests.swift in Sources */,
				9E7D1B0427B0B0B100EFFDAA /* PreworkUITestsLaunchTests.swift in Sources */,
			);
			runOnlyForDeploymentPostprocessing = 0;
		};
/* End PBXSourcesBuildPhase section */

/* Begin PBXTargetDependency section */
		9E7D1AF527B0B0B100EFFDAA /* PBXTargetDependency */ = {
			isa = PBXTargetDependency;
			target = 9E7D1ADC27B0B0AC00EFFDAA /* Prework */;
			targetProxy = 9E7D1AF427B0B0B100EFFDAA /* PBXContainerItemProxy */;
		};
		9E7D1AFF27B0B0B100EFFDAA /* PBXTargetDependency */ = {
			isa = PBXTargetDependency;
			target = 9E7D1ADC27B0B0AC00EFFDAA /* Prework */;
			targetProxy = 9E7D1AFE27B0B0B100EFFDAA /* PBXContainerItemProxy */;
		};
/* End PBXTargetDependency section */

/* Begin PBXVariantGroup section */
		9E7D1AE627B0B0AC00EFFDAA /* Main.storyboard */ = {
			isa = PBXVariantGroup;
			children = (
				9E7D1AE727B0B0AC00EFFDAA /* Base */,
			);
			name = Main.storyboard;
			sourceTree = "<group>";
		};
		9E7D1AEB27B0B0B000EFFDAA /* LaunchScreen.storyboard */ = {
			isa = PBXVariantGroup;
			children = (
				9E7D1AEC27B0B0B000EFFDAA /* Base */,
			);
			name = LaunchScreen.storyboard;
			sourceTree = "<group>";
		};
/* End PBXVariantGroup section */

/* Begin XCBuildConfiguration section */
		9E7D1B0527B0B0B100EFFDAA /* Debug */ = {
			isa = XCBuildConfiguration;
			buildSettings = {
				ALWAYS_SEARCH_USER_PATHS = NO;
				CLANG_ANALYZER_NONNULL = YES;
				CLANG_ANALYZER_NUMBER_OBJECT_CONVERSION = YES_AGGRESSIVE;
				CLANG_CXX_LANGUAGE_STANDARD = "gnu++17";
				CLANG_CXX_LIBRARY = "libc++";
				CLANG_ENABLE_MODULES = YES;
				CLANG_ENABLE_OBJC_ARC = YES;
				CLANG_ENABLE_OBJC_WEAK = YES;
				CLANG_WARN_BLOCK_CAPTURE_AUTORELEASING = YES;
				CLANG_WARN_BOOL_CONVERSION = YES;
				CLANG_WARN_COMMA = YES;
				CLANG_WARN_CONSTANT_CONVERSION = YES;
				CLANG_WARN_DEPRECATED_OBJC_IMPLEMENTATIONS = YES;
				CLANG_WARN_DIRECT_OBJC_ISA_USAGE = YES_ERROR;
				CLANG_WARN_DOCUMENTATION_COMMENTS = YES;
				CLANG_WARN_EMPTY_BODY = YES;
				CLANG_WARN_ENUM_CONVERSION = YES;
				CLANG_WARN_INFINITE_RECURSION = YES;
				CLANG_WARN_INT_CONVERSION = YES;
				CLANG_WARN_NON_LITERAL_NULL_CONVERSION = YES;
				CLANG_WARN_OBJC_IMPLICIT_RETAIN_SELF = YES;
				CLANG_WARN_OBJC_LITERAL_CONVERSION = YES;
				CLANG_WARN_OBJC_ROOT_CLASS = YES_ERROR;
				CLANG_WARN_QUOTED_INCLUDE_IN_FRAMEWORK_HEADER = YES;
				CLANG_WARN_RANGE_LOOP_ANALYSIS = YES;
				CLANG_WARN_STRICT_PROTOTYPES = YES;
				CLANG_WARN_SUSPICIOUS_MOVE = YES;
				CLANG_WARN_UNGUARDED_AVAILABILITY = YES_AGGRESSIVE;
				CLANG_WARN_UNREACHABLE_CODE = YES;
				CLANG_WARN__DUPLICATE_METHOD_MATCH = YES;
				COPY_PHASE_STRIP = NO;
				DEBUG_INFORMATION_FORMAT = dwarf;
				ENABLE_STRICT_OBJC_MSGSEND = YES;
				ENABLE_TESTABILITY = YES;
				GCC_C_LANGUAGE_STANDARD = gnu11;
				GCC_DYNAMIC_NO_PIC = NO;
				GCC_NO_COMMON_BLOCKS = YES;
				GCC_OPTIMIZATION_LEVEL = 0;
				GCC_PREPROCESSOR_DEFINITIONS = (
					"DEBUG=1",
					"$(inherited)",
				);
				GCC_WARN_64_TO_32_BIT_CONVERSION = YES;
				GCC_WARN_ABOUT_RETURN_TYPE = YES_ERROR;
				GCC_WARN_UNDECLARED_SELECTOR = YES;
				GCC_WARN_UNINITIALIZED_AUTOS = YES_AGGRESSIVE;
				GCC_WARN_UNUSED_FUNCTION = YES;
				GCC_WARN_UNUSED_VARIABLE = YES;
				IPHONEOS_DEPLOYMENT_TARGET = 15.2;
				MTL_ENABLE_DEBUG_INFO = INCLUDE_SOURCE;
				MTL_FAST_MATH = YES;
				ONLY_ACTIVE_ARCH = YES;
				SDKROOT = iphoneos;
				SWIFT_ACTIVE_COMPILATION_CONDITIONS = DEBUG;
				SWIFT_OPTIMIZATION_LEVEL = "-Onone";
			};
			name = Debug;
		};
		9E7D1B0627B0B0B100EFFDAA /* Release */ = {
			isa = XCBuildConfiguration;
			buildSettings = {
				ALWAYS_SEARCH_USER_PATHS = NO;
				CLANG_ANALYZER_NONNULL = YES;
				CLANG_ANALYZER_NUMBER_OBJECT_CONVERSION = YES_AGGRESSIVE;
				CLANG_CXX_LANGUAGE_STANDARD = "gnu++17";
				CLANG_CXX_LIBRARY = "libc++";
				CLANG_ENABLE_MODULES = YES;
				CLANG_ENABLE_OBJC_ARC = YES;
				CLANG_ENABLE_OBJC_WEAK = YES;
				CLANG_WARN_BLOCK_CAPTURE_AUTORELEASING = YES;
				CLANG_WARN_BOOL_CONVERSION = YES;
				CLANG_WARN_COMMA = YES;
				CLANG_WARN_CONSTANT_CONVERSION = YES;
				CLANG_WARN_DEPRECATED_OBJC_IMPLEMENTATIONS = YES;
				CLANG_WARN_DIRECT_OBJC_ISA_USAGE = YES_ERROR;
				CLANG_WARN_DOCUMENTATION_COMMENTS = YES;
				CLANG_WARN_EMPTY_BODY = YES;
				CLANG_WARN_ENUM_CONVERSION = YES;
				CLANG_WARN_INFINITE_RECURSION = YES;
				CLANG_WARN_INT_CONVERSION = YES;
				CLANG_WARN_NON_LITERAL_NULL_CONVERSION = YES;
				CLANG_WARN_OBJC_IMPLICIT_RETAIN_SELF = YES;
				CLANG_WARN_OBJC_LITERAL_CONVERSION = YES;
				CLANG_WARN_OBJC_ROOT_CLASS = YES_ERROR;
				CLANG_WARN_QUOTED_INCLUDE_IN_FRAMEWORK_HEADER = YES;
				CLANG_WARN_RANGE_LOOP_ANALYSIS = YES;
				CLANG_WARN_STRICT_PROTOTYPES = YES;
				CLANG_WARN_SUSPICIOUS_MOVE = YES;
				CLANG_WARN_UNGUARDED_AVAILABILITY = YES_AGGRESSIVE;
				CLANG_WARN_UNREACHABLE_CODE = YES;
				CLANG_WARN__DUPLICATE_METHOD_MATCH = YES;
				COPY_PHASE_STRIP = NO;
				DEBUG_INFORMATION_FORMAT = "dwarf-with-dsym";
				ENABLE_NS_ASSERTIONS = NO;
				ENABLE_STRICT_OBJC_MSGSEND = YES;
				GCC_C_LANGUAGE_STANDARD = gnu11;
				GCC_NO_COMMON_BLOCKS = YES;
				GCC_WARN_64_TO_32_BIT_CONVERSION = YES;
				GCC_WARN_ABOUT_RETURN_TYPE = YES_ERROR;
				GCC_WARN_UNDECLARED_SELECTOR = YES;
				GCC_WARN_UNINITIALIZED_AUTOS = YES_AGGRESSIVE;
				GCC_WARN_UNUSED_FUNCTION = YES;
				GCC_WARN_UNUSED_VARIABLE = YES;
				IPHONEOS_DEPLOYMENT_TARGET = 15.2;
				MTL_ENABLE_DEBUG_INFO = NO;
				MTL_FAST_MATH = YES;
				SDKROOT = iphoneos;
				SWIFT_COMPILATION_MODE = wholemodule;
				SWIFT_OPTIMIZATION_LEVEL = "-O";
				VALIDATE_PRODUCT = YES;
			};
			name = Release;
		};
		9E7D1B0827B0B0B100EFFDAA /* Debug */ = {
			isa = XCBuildConfiguration;
			buildSettings = {
				ASSETCATALOG_COMPILER_APPICON_NAME = AppIcon;
				ASSETCATALOG_COMPILER_GLOBAL_ACCENT_COLOR_NAME = AccentColor;
				CODE_SIGN_STYLE = Automatic;
				CURRENT_PROJECT_VERSION = 1;
				GENERATE_INFOPLIST_FILE = YES;
				INFOPLIST_FILE = Prework/Info.plist;
				INFOPLIST_KEY_UIApplicationSupportsIndirectInputEvents = YES;
				INFOPLIST_KEY_UILaunchStoryboardName = LaunchScreen;
				INFOPLIST_KEY_UIMainStoryboardFile = Main;
				INFOPLIST_KEY_UISupportedInterfaceOrientations_iPad = "UIInterfaceOrientationPortrait UIInterfaceOrientationPortraitUpsideDown UIInterfaceOrientationLandscapeLeft UIInterfaceOrientationLandscapeRight";
				INFOPLIST_KEY_UISupportedInterfaceOrientations_iPhone = "UIInterfaceOrientationPortrait UIInterfaceOrientationLandscapeLeft UIInterfaceOrientationLandscapeRight";
				LD_RUNPATH_SEARCH_PATHS = (
					"$(inherited)",
					"@executable_path/Frameworks",
				);
				MARKETING_VERSION = 1.0;
				PRODUCT_BUNDLE_IDENTIFIER = csumb.edu.Prework;
				PRODUCT_NAME = "$(TARGET_NAME)";
				SWIFT_EMIT_LOC_STRINGS = YES;
				SWIFT_VERSION = 5.0;
				TARGETED_DEVICE_FAMILY = "1,2";
			};
			name = Debug;
		};
		9E7D1B0927B0B0B100EFFDAA /* Release */ = {
			isa = XCBuildConfiguration;
			buildSettings = {
				ASSETCATALOG_COMPILER_APPICON_NAME = AppIcon;
				ASSETCATALOG_COMPILER_GLOBAL_ACCENT_COLOR_NAME = AccentColor;
				CODE_SIGN_STYLE = Automatic;
				CURRENT_PROJECT_VERSION = 1;
				GENERATE_INFOPLIST_FILE = YES;
				INFOPLIST_FILE = Prework/Info.plist;
				INFOPLIST_KEY_UIApplicationSupportsIndirectInputEvents = YES;
				INFOPLIST_KEY_UILaunchStoryboardName = LaunchScreen;
				INFOPLIST_KEY_UIMainStoryboardFile = Main;
				INFOPLIST_KEY_UISupportedInterfaceOrientations_iPad = "UIInterfaceOrientationPortrait UIInterfaceOrientationPortraitUpsideDown UIInterfaceOrientationLandscapeLeft UIInterfaceOrientationLandscapeRight";
				INFOPLIST_KEY_UISupportedInterfaceOrientations_iPhone = "UIInterfaceOrientationPortrait UIInterfaceOrientationLandscapeLeft UIInterfaceOrientationLandscapeRight";
				LD_RUNPATH_SEARCH_PATHS = (
					"$(inherited)",
					"@executable_path/Frameworks",
				);
				MARKETING_VERSION = 1.0;
				PRODUCT_BUNDLE_IDENTIFIER = csumb.edu.Prework;
				PRODUCT_NAME = "$(TARGET_NAME)";
				SWIFT_EMIT_LOC_STRINGS = YES;
				SWIFT_VERSION = 5.0;
				TARGETED_DEVICE_FAMILY = "1,2";
			};
			name = Release;
		};
		9E7D1B0B27B0B0B100EFFDAA /* Debug */ = {
			isa = XCBuildConfiguration;
			buildSettings = {
				ALWAYS_EMBED_SWIFT_STANDARD_LIBRARIES = YES;
				BUNDLE_LOADER = "$(TEST_HOST)";
				CODE_SIGN_STYLE = Automatic;
				CURRENT_PROJECT_VERSION = 1;
				GENERATE_INFOPLIST_FILE = YES;
				IPHONEOS_DEPLOYMENT_TARGET = 15.2;
				MARKETING_VERSION = 1.0;
				PRODUCT_BUNDLE_IDENTIFIER = csumb.edu.PreworkTests;
				PRODUCT_NAME = "$(TARGET_NAME)";
				SWIFT_EMIT_LOC_STRINGS = NO;
				SWIFT_VERSION = 5.0;
				TARGETED_DEVICE_FAMILY = "1,2";
				TEST_HOST = "$(BUILT_PRODUCTS_DIR)/Prework.app/Prework";
			};
			name = Debug;
		};
		9E7D1B0C27B0B0B100EFFDAA /* Release */ = {
			isa = XCBuildConfiguration;
			buildSettings = {
				ALWAYS_EMBED_SWIFT_STANDARD_LIBRARIES = YES;
				BUNDLE_LOADER = "$(TEST_HOST)";
				CODE_SIGN_STYLE = Automatic;
				CURRENT_PROJECT_VERSION = 1;
				GENERATE_INFOPLIST_FILE = YES;
				IPHONEOS_DEPLOYMENT_TARGET = 15.2;
				MARKETING_VERSION = 1.0;
				PRODUCT_BUNDLE_IDENTIFIER = csumb.edu.PreworkTests;
				PRODUCT_NAME = "$(TARGET_NAME)";
				SWIFT_EMIT_LOC_STRINGS = NO;
				SWIFT_VERSION = 5.0;
				TARGETED_DEVICE_FAMILY = "1,2";
				TEST_HOST = "$(BUILT_PRODUCTS_DIR)/Prework.app/Prework";
			};
			name = Release;
		};
		9E7D1B0E27B0B0B100EFFDAA /* Debug */ = {
			isa = XCBuildConfiguration;
			buildSettings = {
				ALWAYS_EMBED_SWIFT_STANDARD_LIBRARIES = YES;
				CODE_SIGN_STYLE = Automatic;
				CURRENT_PROJECT_VERSION = 1;
				GENERATE_INFOPLIST_FILE = YES;
				MARKETING_VERSION = 1.0;
				PRODUCT_BUNDLE_IDENTIFIER = csumb.edu.PreworkUITests;
				PRODUCT_NAME = "$(TARGET_NAME)";
				SWIFT_EMIT_LOC_STRINGS = NO;
				SWIFT_VERSION = 5.0;
				TARGETED_DEVICE_FAMILY = "1,2";
				TEST_TARGET_NAME = Prework;
			};
			name = Debug;
		};
		9E7D1B0F27B0B0B100EFFDAA /* Release */ = {
			isa = XCBuildConfiguration;
			buildSettings = {
				ALWAYS_EMBED_SWIFT_STANDARD_LIBRARIES = YES;
				CODE_SIGN_STYLE = Automatic;
				CURRENT_PROJECT_VERSION = 1;
				GENERATE_INFOPLIST_FILE = YES;
				MARKETING_VERSION = 1.0;
				PRODUCT_BUNDLE_IDENTIFIER = csumb.edu.PreworkUITests;
				PRODUCT_NAME = "$(TARGET_NAME)";
				SWIFT_EMIT_LOC_STRINGS = NO;
				SWIFT_VERSION = 5.0;
				TARGETED_DEVICE_FAMILY = "1,2";
				TEST_TARGET_NAME = Prework;
			};
			name = Release;
		};
/* End XCBuildConfiguration section */

/* Begin XCConfigurationList section */
		9E7D1AD827B0B0AC00EFFDAA /* Build configuration list for PBXProject "Prework" */ = {
			isa = XCConfigurationList;
			buildConfigurations = (
				9E7D1B0527B0B0B100EFFDAA /* Debug */,
				9E7D1B0627B0B0B100EFFDAA /* Release */,
			);
			defaultConfigurationIsVisible = 0;
			defaultConfigurationName = Release;
		};
		9E7D1B0727B0B0B100EFFDAA /* Build configuration list for PBXNativeTarget "Prework" */ = {
			isa = XCConfigurationList;
			buildConfigurations = (
				9E7D1B0827B0B0B100EFFDAA /* Debug */,
				9E7D1B0927B0B0B100EFFDAA /* Release */,
			);
			defaultConfigurationIsVisible = 0;
			defaultConfigurationName = Release;
		};
		9E7D1B0A27B0B0B100EFFDAA /* Build configuration list for PBXNativeTarget "PreworkTests" */ = {
			isa = XCConfigurationList;
			buildConfigurations = (
				9E7D1B0B27B0B0B100EFFDAA /* Debug */,
				9E7D1B0C27B0B0B100EFFDAA /* Release */,
			);
			defaultConfigurationIsVisible = 0;
			defaultConfigurationName = Release;
		};
		9E7D1B0D27B0B0B100EFFDAA /* Build configuration list for PBXNativeTarget "PreworkUITests" */ = {
			isa = XCConfigurationList;
			buildConfigurations = (
				9E7D1B0E27B0B0B100EFFDAA /* Debug */,
				9E7D1B0F27B0B0B100EFFDAA /* Release */,
			);
			defaultConfigurationIsVisible = 0;
			defaultConfigurationName = Release;
		};
/* End XCConfigurationList section */
	};
	rootObject = 9E7D1AD527B0B0AC00EFFDAA /* Project object */;
}
